
Microsoft Visual Studio Solution File, Format Version 11.00
# Visual Studio 2010
Project("{FAE04EC0-301F-11D3-BF4B-00C04F79EFBC}") = "PDMTools", "PDMTools\PDMTools.csproj", "{CB1BE586-87DA-4320-B50A-36DD67B042FC}"
EndProject
Global
	GlobalSection(SolutionConfigurationPlatforms) = preSolution
		Debug|x86 = Debug|x86
		Release|x86 = Release|x86
	EndGlobalSection
	GlobalSection(ProjectConfigurationPlatforms) = postSolution
		{CB1BE586-87DA-4320-B50A-36DD67B042FC}.Debug|x86.ActiveCfg = Debug|x86
		{CB1BE586-87DA-4320-B50A-36DD67B042FC}.Debug|x86.Build.0 = Debug|x86
		{CB1BE586-87DA-4320-B50A-36DD67B042FC}.Release|x86.ActiveCfg = Release|x86
		{CB1BE586-87DA-4320-B50A-36DD67B042FC}.Release|x86.Build.0 = Release|x86
	EndGlobalSection
	GlobalSection(SolutionProperties) = preSolution
		HideSolutionNode = FALSE
	EndGlobalSection
EndGlobal
